
Microsoft Visual Studio Solution File, Format Version 12.00
# Visual Studio Version 16
VisualStudioVersion = 16.0.31424.327
MinimumVisualStudioVersion = 10.0.40219.1
Project("{FAE04EC0-301F-11D3-BF4B-00C04F79EFBC}") = "Week7Master", "Week7Master\Week7Master.csproj", "{11DBC594-DD57-406B-8417-4D29E87AB9F1}"
EndProject
Project("{FAE04EC0-301F-11D3-BF4B-00C04F79EFBC}") = "Week7Master.Core", "ClassLibrary1\Week7Master.Core.csproj", "{3726EED6-E307-419B-AF4A-826ED7DD8E68}"
EndProject
Project("{FAE04EC0-301F-11D3-BF4B-00C04F79EFBC}") = "Week7Master.RepositoryMock", "Week7Master.RepositoryMock1\Week7Master.RepositoryMock.csproj", "{992984FE-C02D-431E-B5AE-CFA89348C8CF}"
EndProject
Global
	GlobalSection(SolutionConfigurationPlatforms) = preSolution
		Debug|Any CPU = Debug|Any CPU
		Release|Any CPU = Release|Any CPU
	EndGlobalSection
	GlobalSection(ProjectConfigurationPlatforms) = postSolution
		{11DBC594-DD57-406B-8417-4D29E87AB9F1}.Debug|Any CPU.ActiveCfg = Debug|Any CPU
		{11DBC594-DD57-406B-8417-4D29E87AB9F1}.Debug|Any CPU.Build.0 = Debug|Any CPU
		{11DBC594-DD57-406B-8417-4D29E87AB9F1}.Release|Any CPU.ActiveCfg = Release|Any CPU
		{11DBC594-DD57-406B-8417-4D29E87AB9F1}.Release|Any CPU.Build.0 = Release|Any CPU
		{3726EED6-E307-419B-AF4A-826ED7DD8E68}.Debug|Any CPU.ActiveCfg = Debug|Any CPU
		{3726EED6-E307-419B-AF4A-826ED7DD8E68}.Debug|Any CPU.Build.0 = Debug|Any CPU
		{3726EED6-E307-419B-AF4A-826ED7DD8E68}.Release|Any CPU.ActiveCfg = Release|Any CPU
		{3726EED6-E307-419B-AF4A-826ED7DD8E68}.Release|Any CPU.Build.0 = Release|Any CPU
		{992984FE-C02D-431E-B5AE-CFA89348C8CF}.Debug|Any CPU.ActiveCfg = Debug|Any CPU
		{992984FE-C02D-431E-B5AE-CFA89348C8CF}.Debug|Any CPU.Build.0 = Debug|Any CPU
		{992984FE-C02D-431E-B5AE-CFA89348C8CF}.Release|Any CPU.ActiveCfg = Release|Any CPU
		{992984FE-C02D-431E-B5AE-CFA89348C8CF}.Release|Any CPU.Build.0 = Release|Any CPU
	EndGlobalSection
	GlobalSection(SolutionProperties) = preSolution
		HideSolutionNode = FALSE
	EndGlobalSection
	GlobalSection(ExtensibilityGlobals) = postSolution
		SolutionGuid = {CB165B1A-6414-4C0C-81CF-46C077300ABD}
	EndGlobalSection
EndGlobal
